
Microsoft Visual Studio Solution File, Format Version 12.00
# Visual Studio Version 17
VisualStudioVersion = 17.0.32126.317
MinimumVisualStudioVersion = 10.0.40219.1
Project("{FAE04EC0-301F-11D3-BF4B-00C04F79EFBC}") = "Triangulo.ConsoleApp", "Triangulo.ConsoleApp.csproj", "{21B04C88-FAA9-46C3-90DF-A41C06185CD9}"
EndProject
Global
	GlobalSection(SolutionConfigurationPlatforms) = preSolution
		Debug|Any CPU = Debug|Any CPU
		Release|Any CPU = Release|Any CPU
	EndGlobalSection
	GlobalSection(ProjectConfigurationPlatforms) = postSolution
		{21B04C88-FAA9-46C3-90DF-A41C06185CD9}.Debug|Any CPU.ActiveCfg = Debug|Any CPU
		{21B04C88-FAA9-46C3-90DF-A41C06185CD9}.Debug|Any CPU.Build.0 = Debug|Any CPU
		{21B04C88-FAA9-46C3-90DF-A41C06185CD9}.Release|Any CPU.ActiveCfg = Release|Any CPU
		{21B04C88-FAA9-46C3-90DF-A41C06185CD9}.Release|Any CPU.Build.0 = Release|Any CPU
	EndGlobalSection
	GlobalSection(SolutionProperties) = preSolution
		HideSolutionNode = FALSE
	EndGlobalSection
	GlobalSection(ExtensibilityGlobals) = postSolution
		SolutionGuid = {98E6E476-9870-4C29-A1A5-54DBFC92C1C0}
	EndGlobalSection
EndGlobal
